
Microsoft Visual Studio Solution File, Format Version 12.00
# Visual Studio Version 16
VisualStudioVersion = 16.0.31402.337
MinimumVisualStudioVersion = 10.0.40219.1
Project("{9A19103F-16F7-4668-BE54-9A1E7A4F7556}") = "HolaMundoBlazor.Server", "HolaMundoBlazor\Server\HolaMundoBlazor.Server.csproj", "{B71F6876-7B5F-46D3-AD80-B8F513BBCD2F}"
EndProject
Project("{9A19103F-16F7-4668-BE54-9A1E7A4F7556}") = "HolaMundoBlazor.Client", "HolaMundoBlazor\Client\HolaMundoBlazor.Client.csproj", "{95A4A79D-DE45-4EF0-9FBF-A348E5DA4CD0}"
EndProject
Project("{9A19103F-16F7-4668-BE54-9A1E7A4F7556}") = "HolaMundoBlazor.BD", "HolaMundoBlazor\Shared\HolaMundoBlazor.BD.csproj", "{0CC1A9A3-973A-4E83-9F39-4BEBD1661D4F}"
EndProject
Global
	GlobalSection(SolutionConfigurationPlatforms) = preSolution
		Debug|Any CPU = Debug|Any CPU
		Release|Any CPU = Release|Any CPU
	EndGlobalSection
	GlobalSection(ProjectConfigurationPlatforms) = postSolution
		{B71F6876-7B5F-46D3-AD80-B8F513BBCD2F}.Debug|Any CPU.ActiveCfg = Debug|Any CPU
		{B71F6876-7B5F-46D3-AD80-B8F513BBCD2F}.Debug|Any CPU.Build.0 = Debug|Any CPU
		{B71F6876-7B5F-46D3-AD80-B8F513BBCD2F}.Release|Any CPU.ActiveCfg = Release|Any CPU
		{B71F6876-7B5F-46D3-AD80-B8F513BBCD2F}.Release|Any CPU.Build.0 = Release|Any CPU
		{95A4A79D-DE45-4EF0-9FBF-A348E5DA4CD0}.Debug|Any CPU.ActiveCfg = Debug|Any CPU
		{95A4A79D-DE45-4EF0-9FBF-A348E5DA4CD0}.Debug|Any CPU.Build.0 = Debug|Any CPU
		{95A4A79D-DE45-4EF0-9FBF-A348E5DA4CD0}.Release|Any CPU.ActiveCfg = Release|Any CPU
		{95A4A79D-DE45-4EF0-9FBF-A348E5DA4CD0}.Release|Any CPU.Build.0 = Release|Any CPU
		{0CC1A9A3-973A-4E83-9F39-4BEBD1661D4F}.Debug|Any CPU.ActiveCfg = Debug|Any CPU
		{0CC1A9A3-973A-4E83-9F39-4BEBD1661D4F}.Debug|Any CPU.Build.0 = Debug|Any CPU
		{0CC1A9A3-973A-4E83-9F39-4BEBD1661D4F}.Release|Any CPU.ActiveCfg = Release|Any CPU
		{0CC1A9A3-973A-4E83-9F39-4BEBD1661D4F}.Release|Any CPU.Build.0 = Release|Any CPU
	EndGlobalSection
	GlobalSection(SolutionProperties) = preSolution
		HideSolutionNode = FALSE
	EndGlobalSection
	GlobalSection(ExtensibilityGlobals) = postSolution
		SolutionGuid = {BE4756EE-B6B2-4CB9-BB0A-F9792EAD49A7}
	EndGlobalSection
EndGlobal
